// !$*UTF8*$!
{
	archiveVersion = 1;
	classes = {
	};
	objectVersion = 77;
	objects = {

/* Begin PBXContainerItemProxy section */
		6522AB362CFF0BA200176E44 /* PBXContainerItemProxy */ = {
			isa = PBXContainerItemProxy;
			containerPortal = 6522AB172CFF0BA000176E44 /* Project object */;
			proxyType = 1;
			remoteGlobalIDString = 6522AB1E2CFF0BA000176E44;
			remoteInfo = SymbolRoller;
		};
		6522AB402CFF0BA200176E44 /* PBXContainerItemProxy */ = {
			isa = PBXContainerItemProxy;
			containerPortal = 6522AB172CFF0BA000176E44 /* Project object */;
			proxyType = 1;
			remoteGlobalIDString = 6522AB1E2CFF0BA000176E44;
			remoteInfo = SymbolRoller;
		};
/* End PBXContainerItemProxy section */

/* Begin PBXFileReference section */
		6522AB1F2CFF0BA000176E44 /* SymbolRoller.app */ = {isa = PBXFileReference; explicitFileType = wrapper.application; includeInIndex = 0; path = SymbolRoller.app; sourceTree = BUILT_PRODUCTS_DIR; };
		6522AB352CFF0BA200176E44 /* SymbolRollerTests.xctest */ = {isa = PBXFileReference; explicitFileType = wrapper.cfbundle; includeInIndex = 0; path = SymbolRollerTests.xctest; sourceTree = BUILT_PRODUCTS_DIR; };
		6522AB3F2CFF0BA200176E44 /* SymbolRollerUITests.xctest */ = {isa = PBXFileReference; explicitFileType = wrapper.cfbundle; includeInIndex = 0; path = SymbolRollerUITests.xctest; sourceTree = BUILT_PRODUCTS_DIR; };
/* End PBXFileReference section */

/* Begin PBXFileSystemSynchronizedBuildFileExceptionSet section */
		6522AB472CFF0BA200176E44 /* Exceptions for "SymbolRoller" folder in "SymbolRoller" target */ = {
			isa = PBXFileSystemSynchronizedBuildFileExceptionSet;
			membershipExceptions = (
				Info.plist,
			);
			target = 6522AB1E2CFF0BA000176E44 /* SymbolRoller */;
		};
/* End PBXFileSystemSynchronizedBuildFileExceptionSet section */

/* Begin PBXFileSystemSynchronizedRootGroup section */
		6522AB212CFF0BA000176E44 /* SymbolRoller */ = {
			isa = PBXFileSystemSynchronizedRootGroup;
			exceptions = (
				6522AB472CFF0BA200176E44 /* Exceptions for "SymbolRoller" folder in "SymbolRoller" target */,
			);
			path = SymbolRoller;
			sourceTree = "<group>";
		};
		6522AB382CFF0BA200176E44 /* SymbolRollerTests */ = {
			isa = PBXFileSystemSynchronizedRootGroup;
			path = SymbolRollerTests;
			sourceTree = "<group>";
		};
		6522AB422CFF0BA200176E44 /* SymbolRollerUITests */ = {
			isa = PBXFileSystemSynchronizedRootGroup;
			path = SymbolRollerUITests;
			sourceTree = "<group>";
		};
/* End PBXFileSystemSynchronizedRootGroup section */

/* Begin PBXFrameworksBuildPhase section */
		6522AB1C2CFF0BA000176E44 /* Frameworks */ = {
			isa = PBXFrameworksBuildPhase;
			buildActionMask = 2147483647;
			files = (
			);
			runOnlyForDeploymentPostprocessing = 0;
		};
		6522AB322CFF0BA200176E44 /* Frameworks */ = {
			isa = PBXFrameworksBuildPhase;
			buildActionMask = 2147483647;
			files = (
			);
			runOnlyForDeploymentPostprocessing = 0;
		};
		6522AB3C2CFF0BA200176E44 /* Frameworks */ = {
			isa = PBXFrameworksBuildPhase;
			buildActionMask = 2147483647;
			files = (
			);
			runOnlyForDeploymentPostprocessing = 0;
		};
/* End PBXFrameworksBuildPhase section */

/* Begin PBXGroup section */
		6522AB162CFF0BA000176E44 = {
			isa = PBXGroup;
			children = (
				6522AB212CFF0BA000176E44 /* SymbolRoller */,
				6522AB382CFF0BA200176E44 /* SymbolRollerTests */,
				6522AB422CFF0BA200176E44 /* SymbolRollerUITests */,
				6522AB202CFF0BA000176E44 /* Products */,
			);
			sourceTree = "<group>";
		};
		6522AB202CFF0BA000176E44 /* Products */ = {
			isa = PBXGroup;
			children = (
				6522AB1F2CFF0BA000176E44 /* SymbolRoller.app */,
				6522AB352CFF0BA200176E44 /* SymbolRollerTests.xctest */,
				6522AB3F2CFF0BA200176E44 /* SymbolRollerUITests.xctest */,
			);
			name = Products;
			sourceTree = "<group>";
		};
/* End PBXGroup section */

/* Begin PBXNativeTarget section */
		6522AB1E2CFF0BA000176E44 /* SymbolRoller */ = {
			isa = PBXNativeTarget;
			buildConfigurationList = 6522AB482CFF0BA200176E44 /* Build configuration list for PBXNativeTarget "SymbolRoller" */;
			buildPhases = (
				6522AB1B2CFF0BA000176E44 /* Sources */,
				6522AB1C2CFF0BA000176E44 /* Frameworks */,
				6522AB1D2CFF0BA000176E44 /* Resources */,
			);
			buildRules = (
			);
			dependencies = (
			);
			fileSystemSynchronizedGroups = (
				6522AB212CFF0BA000176E44 /* SymbolRoller */,
			);
			name = SymbolRoller;
			packageProductDependencies = (
			);
			productName = SymbolRoller;
			productReference = 6522AB1F2CFF0BA000176E44 /* SymbolRoller.app */;
			productType = "com.apple.product-type.application";
		};
		6522AB342CFF0BA200176E44 /* SymbolRollerTests */ = {
			isa = PBXNativeTarget;
			buildConfigurationList = 6522AB4D2CFF0BA200176E44 /* Build configuration list for PBXNativeTarget "SymbolRollerTests" */;
			buildPhases = (
				6522AB312CFF0BA200176E44 /* Sources */,
				6522AB322CFF0BA200176E44 /* Frameworks */,
				6522AB332CFF0BA200176E44 /* Resources */,
			);
			buildRules = (
			);
			dependencies = (
				6522AB372CFF0BA200176E44 /* PBXTargetDependency */,
			);
			fileSystemSynchronizedGroups = (
				6522AB382CFF0BA200176E44 /* SymbolRollerTests */,
			);
			name = SymbolRollerTests;
			packageProductDependencies = (
			);
			productName = SymbolRollerTests;
			productReference = 6522AB352CFF0BA200176E44 /* SymbolRollerTests.xctest */;
			productType = "com.apple.product-type.bundle.unit-test";
		};
		6522AB3E2CFF0BA200176E44 /* SymbolRollerUITests */ = {
			isa = PBXNativeTarget;
			buildConfigurationList = 6522AB502CFF0BA200176E44 /* Build configuration list for PBXNativeTarget "SymbolRollerUITests" */;
			buildPhases = (
				6522AB3B2CFF0BA200176E44 /* Sources */,
				6522AB3C2CFF0BA200176E44 /* Frameworks */,
				6522AB3D2CFF0BA200176E44 /* Resources */,
			);
			buildRules = (
			);
			dependencies = (
				6522AB412CFF0BA200176E44 /* PBXTargetDependency */,
			);
			fileSystemSynchronizedGroups = (
				6522AB422CFF0BA200176E44 /* SymbolRollerUITests */,
			);
			name = SymbolRollerUITests;
			packageProductDependencies = (
			);
			productName = SymbolRollerUITests;
			productReference = 6522AB3F2CFF0BA200176E44 /* SymbolRollerUITests.xctest */;
			productType = "com.apple.product-type.bundle.ui-testing";
		};
/* End PBXNativeTarget section */

/* Begin PBXProject section */
		6522AB172CFF0BA000176E44 /* Project object */ = {
			isa = PBXProject;
			attributes = {
				BuildIndependentTargetsInParallel = 1;
				LastSwiftUpdateCheck = 1600;
				LastUpgradeCheck = 1600;
				TargetAttributes = {
					6522AB1E2CFF0BA000176E44 = {
						CreatedOnToolsVersion = 16.0;
					};
					6522AB342CFF0BA200176E44 = {
						CreatedOnToolsVersion = 16.0;
						TestTargetID = 6522AB1E2CFF0BA000176E44;
					};
					6522AB3E2CFF0BA200176E44 = {
						CreatedOnToolsVersion = 16.0;
						TestTargetID = 6522AB1E2CFF0BA000176E44;
					};
				};
			};
			buildConfigurationList = 6522AB1A2CFF0BA000176E44 /* Build configuration list for PBXProject "SymbolRoller" */;
			developmentRegion = en;
			hasScannedForEncodings = 0;
			knownRegions = (
				en,
				Base,
			);
			mainGroup = 6522AB162CFF0BA000176E44;
			minimizedProjectReferenceProxies = 1;
			preferredProjectObjectVersion = 77;
			productRefGroup = 6522AB202CFF0BA000176E44 /* Products */;
			projectDirPath = "";
			projectRoot = "";
			targets = (
				6522AB1E2CFF0BA000176E44 /* SymbolRoller */,
				6522AB342CFF0BA200176E44 /* SymbolRollerTests */,
				6522AB3E2CFF0BA200176E44 /* SymbolRollerUITests */,
			);
		};
/* End PBXProject section */

/* Begin PBXResourcesBuildPhase section */
		6522AB1D2CFF0BA000176E44 /* Resources */ = {
			isa = PBXResourcesBuildPhase;
			buildActionMask = 2147483647;
			files = (
			);
			runOnlyForDeploymentPostprocessing = 0;
		};
		6522AB332CFF0BA200176E44 /* Resources */ = {
			isa = PBXResourcesBuildPhase;
			buildActionMask = 2147483647;
			files = (
			);
			runOnlyForDeploymentPostprocessing = 0;
		};
		6522AB3D2CFF0BA200176E44 /* Resources */ = {
			isa = PBXResourcesBuildPhase;
			buildActionMask = 2147483647;
			files = (
			);
			runOnlyForDeploymentPostprocessing = 0;
		};
/* End PBXResourcesBuildPhase section */

/* Begin PBXSourcesBuildPhase section */
		6522AB1B2CFF0BA000176E44 /* Sources */ = {
			isa = PBXSourcesBuildPhase;
			buildActionMask = 2147483647;
			files = (
			);
			runOnlyForDeploymentPostprocessing = 0;
		};
		6522AB312CFF0BA200176E44 /* Sources */ = {
			isa = PBXSourcesBuildPhase;
			buildActionMask = 2147483647;
			files = (
			);
			runOnlyForDeploymentPostprocessing = 0;
		};
		6522AB3B2CFF0BA200176E44 /* Sources */ = {
			isa = PBXSourcesBuildPhase;
			buildActionMask = 2147483647;
			files = (
			);
			runOnlyForDeploymentPostprocessing = 0;
		};
/* End PBXSourcesBuildPhase section */

/* Begin PBXTargetDependency section */
		6522AB372CFF0BA200176E44 /* PBXTargetDependency */ = {
			isa = PBXTargetDependency;
			target = 6522AB1E2CFF0BA000176E44 /* SymbolRoller */;
			targetProxy = 6522AB362CFF0BA200176E44 /* PBXContainerItemProxy */;
		};
		6522AB412CFF0BA200176E44 /* PBXTargetDependency */ = {
			isa = PBXTargetDependency;
			target = 6522AB1E2CFF0BA000176E44 /* SymbolRoller */;
			targetProxy = 6522AB402CFF0BA200176E44 /* PBXContainerItemProxy */;
		};
/* End PBXTargetDependency section */

/* Begin XCBuildConfiguration section */
		6522AB492CFF0BA200176E44 /* Debug */ = {
			isa = XCBuildConfiguration;
			buildSettings = {
				ASSETCATALOG_COMPILER_APPICON_NAME = AppIcon;
				ASSETCATALOG_COMPILER_GLOBAL_ACCENT_COLOR_NAME = AccentColor;
				CODE_SIGN_STYLE = Automatic;
				CURRENT_PROJECT_VERSION = 1;
				DEVELOPMENT_TEAM = CDAJWQY5FD;
				GENERATE_INFOPLIST_FILE = YES;
				INFOPLIST_FILE = SymbolRoller/Info.plist;
				INFOPLIST_KEY_UIApplicationSupportsIndirectInputEvents = YES;
				INFOPLIST_KEY_UILaunchStoryboardName = LaunchScreen;
				INFOPLIST_KEY_UIMainStoryboardFile = Main;
				INFOPLIST_KEY_UISupportedInterfaceOrientations_iPad = "UIInterfaceOrientationPortrait UIInterfaceOrientationPortraitUpsideDown UIInterfaceOrientationLandscapeLeft UIInterfaceOrientationLandscapeRight";
				INFOPLIST_KEY_UISupportedInterfaceOrientations_iPhone = "UIInterfaceOrientationPortrait UIInterfaceOrientationLandscapeLeft UIInterfaceOrientationLandscapeRight";
				LD_RUNPATH_SEARCH_PATHS = (
					"$(inherited)",
					"@executable_path/Frameworks",
				);
				MARKETING_VERSION = 1.0;
				PRODUCT_BUNDLE_IDENTIFIER = com.chihyeon.SymbolRoller;
				PRODUCT_NAME = "$(TARGET_NAME)";
				SWIFT_EMIT_LOC_STRINGS = YES;
				SWIFT_VERSION = 5.0;
				TARGETED_DEVICE_FAMILY = "1,2";
			};
			name = Debug;
		};
		6522AB4A2CFF0BA200176E44 /* Release */ = {
			isa = XCBuildConfiguration;
			buildSettings = {
				ASSETCATALOG_COMPILER_APPICON_NAME = AppIcon;
				ASSETCATALOG_COMPILER_GLOBAL_ACCENT_COLOR_NAME = AccentColor;
				CODE_SIGN_STYLE = Automatic;
				CURRENT_PROJECT_VERSION = 1;
				DEVELOPMENT_TEAM = CDAJWQY5FD;
				GENERATE_INFOPLIST_FILE = YES;
				INFOPLIST_FILE = SymbolRoller/Info.plist;
				INFOPLIST_KEY_UIApplicationSupportsIndirectInputEvents = YES;
				INFOPLIST_KEY_UILaunchStoryboardName = LaunchScreen;
				INFOPLIST_KEY_UIMainStoryboardFile = Main;
				INFOPLIST_KEY_UISupportedInterfaceOrientations_iPad = "UIInterfaceOrientationPortrait UIInterfaceOrientationPortraitUpsideDown UIInterfaceOrientationLandscapeLeft UIInterfaceOrientationLandscapeRight";
				INFOPLIST_KEY_UISupportedInterfaceOrientations_iPhone = "UIInterfaceOrientationPortrait UIInterfaceOrientationLandscapeLeft UIInterfaceOrientationLandscapeRight";
				LD_RUNPATH_SEARCH_PATHS = (
					"$(inherited)",
					"@executable_path/Frameworks",
				);
				MARKETING_VERSION = 1.0;
				PRODUCT_BUNDLE_IDENTIFIER = com.chihyeon.SymbolRoller;
				PRODUCT_NAME = "$(TARGET_NAME)";
				SWIFT_EMIT_LOC_STRINGS = YES;
				SWIFT_VERSION = 5.0;
				TARGETED_DEVICE_FAMILY = "1,2";
			};
			name = Release;
		};
		6522AB4B2CFF0BA200176E44 /* Debug */ = {
			isa = XCBuildConfiguration;
			buildSettings = {
				ALWAYS_SEARCH_USER_PATHS = NO;
				ASSETCATALOG_COMPILER_GENERATE_SWIFT_ASSET_SYMBOL_EXTENSIONS = YES;
				CLANG_ANALYZER_NONNULL = YES;
				CLANG_ANALYZER_NUMBER_OBJECT_CONVERSION = YES_AGGRESSIVE;
				CLANG_CXX_LANGUAGE_STANDARD = "gnu++20";
				CLANG_ENABLE_MODULES = YES;
				CLANG_ENABLE_OBJC_ARC = YES;
				CLANG_ENABLE_OBJC_WEAK = YES;
				CLANG_WARN_BLOCK_CAPTURE_AUTORELEASING = YES;
				CLANG_WARN_BOOL_CONVERSION = YES;
				CLANG_WARN_COMMA = YES;
				CLANG_WARN_CONSTANT_CONVERSION = YES;
				CLANG_WARN_DEPRECATED_OBJC_IMPLEMENTATIONS = YES;
				CLANG_WARN_DIRECT_OBJC_ISA_USAGE = YES_ERROR;
				CLANG_WARN_DOCUMENTATION_COMMENTS = YES;
				CLANG_WARN_EMPTY_BODY = YES;
				CLANG_WARN_ENUM_CONVERSION = YES;
				CLANG_WARN_INFINITE_RECURSION = YES;
				CLANG_WARN_INT_CONVERSION = YES;
				CLANG_WARN_NON_LITERAL_NULL_CONVERSION = YES;
				CLANG_WARN_OBJC_IMPLICIT_RETAIN_SELF = YES;
				CLANG_WARN_OBJC_LITERAL_CONVERSION = YES;
				CLANG_WARN_OBJC_ROOT_CLASS = YES_ERROR;
				CLANG_WARN_QUOTED_INCLUDE_IN_FRAMEWORK_HEADER = YES;
				CLANG_WARN_RANGE_LOOP_ANALYSIS = YES;
				CLANG_WARN_STRICT_PROTOTYPES = YES;
				CLANG_WARN_SUSPICIOUS_MOVE = YES;
				CLANG_WARN_UNGUARDED_AVAILABILITY = YES_AGGRESSIVE;
				CLANG_WARN_UNREACHABLE_CODE = YES;
				CLANG_WARN__DUPLICATE_METHOD_MATCH = YES;
				COPY_PHASE_STRIP = NO;
				DEBUG_INFORMATION_FORMAT = dwarf;
				ENABLE_STRICT_OBJC_MSGSEND = YES;
				ENABLE_TESTABILITY = YES;
				ENABLE_USER_SCRIPT_SANDBOXING = YES;
				GCC_C_LANGUAGE_STANDARD = gnu17;
				GCC_DYNAMIC_NO_PIC = NO;
				GCC_NO_COMMON_BLOCKS = YES;
				GCC_OPTIMIZATION_LEVEL = 0;
				GCC_PREPROCESSOR_DEFINITIONS = (
					"DEBUG=1",
					"$(inherited)",
				);
				GCC_WARN_64_TO_32_BIT_CONVERSION = YES;
				GCC_WARN_ABOUT_RETURN_TYPE = YES_ERROR;
				GCC_WARN_UNDECLARED_SELECTOR = YES;
				GCC_WARN_UNINITIALIZED_AUTOS = YES_AGGRESSIVE;
				GCC_WARN_UNUSED_FUNCTION = YES;
				GCC_WARN_UNUSED_VARIABLE = YES;
				IPHONEOS_DEPLOYMENT_TARGET = 18.0;
				LOCALIZATION_PREFERS_STRING_CATALOGS = YES;
				MTL_ENABLE_DEBUG_INFO = INCLUDE_SOURCE;
				MTL_FAST_MATH = YES;
				ONLY_ACTIVE_ARCH = YES;
				SDKROOT = iphoneos;
				SWIFT_ACTIVE_COMPILATION_CONDITIONS = "DEBUG $(inherited)";
				SWIFT_OPTIMIZATION_LEVEL = "-Onone";
			};
			name = Debug;
		};
		6522AB4C2CFF0BA200176E44 /* Release */ = {
			isa = XCBuildConfiguration;
			buildSettings = {
				ALWAYS_SEARCH_USER_PATHS = NO;
				ASSETCATALOG_COMPILER_GENERATE_SWIFT_ASSET_SYMBOL_EXTENSIONS = YES;
				CLANG_ANALYZER_NONNULL = YES;
				CLANG_ANALYZER_NUMBER_OBJECT_CONVERSION = YES_AGGRESSIVE;
				CLANG_CXX_LANGUAGE_STANDARD = "gnu++20";
				CLANG_ENABLE_MODULES = YES;
				CLANG_ENABLE_OBJC_ARC = YES;
				CLANG_ENABLE_OBJC_WEAK = YES;
				CLANG_WARN_BLOCK_CAPTURE_AUTORELEASING = YES;
				CLANG_WARN_BOOL_CONVERSION = YES;
				CLANG_WARN_COMMA = YES;
				CLANG_WARN_CONSTANT_CONVERSION = YES;
				CLANG_WARN_DEPRECATED_OBJC_IMPLEMENTATIONS = YES;
				CLANG_WARN_DIRECT_OBJC_ISA_USAGE = YES_ERROR;
				CLANG_WARN_DOCUMENTATION_COMMENTS = YES;
				CLANG_WARN_EMPTY_BODY = YES;
				CLANG_WARN_ENUM_CONVERSION = YES;
				CLANG_WARN_INFINITE_RECURSION = YES;
				CLANG_WARN_INT_CONVERSION = YES;
				CLANG_WARN_NON_LITERAL_NULL_CONVERSION = YES;
				CLANG_WARN_OBJC_IMPLICIT_RETAIN_SELF = YES;
				CLANG_WARN_OBJC_LITERAL_CONVERSION = YES;
				CLANG_WARN_OBJC_ROOT_CLASS = YES_ERROR;
				CLANG_WARN_QUOTED_INCLUDE_IN_FRAMEWORK_HEADER = YES;
				CLANG_WARN_RANGE_LOOP_ANALYSIS = YES;
				CLANG_WARN_STRICT_PROTOTYPES = YES;
				CLANG_WARN_SUSPICIOUS_MOVE = YES;
				CLANG_WARN_UNGUARDED_AVAILABILITY = YES_AGGRESSIVE;
				CLANG_WARN_UNREACHABLE_CODE = YES;
				CLANG_WARN__DUPLICATE_METHOD_MATCH = YES;
				COPY_PHASE_STRIP = NO;
				DEBUG_INFORMATION_FORMAT = "dwarf-with-dsym";
				ENABLE_NS_ASSERTIONS = NO;
				ENABLE_STRICT_OBJC_MSGSEND = YES;
				ENABLE_USER_SCRIPT_SANDBOXING = YES;
				GCC_C_LANGUAGE_STANDARD = gnu17;
				GCC_NO_COMMON_BLOCKS = YES;
				GCC_WARN_64_TO_32_BIT_CONVERSION = YES;
				GCC_WARN_ABOUT_RETURN_TYPE = YES_ERROR;
				GCC_WARN_UNDECLARED_SELECTOR = YES;
				GCC_WARN_UNINITIALIZED_AUTOS = YES_AGGRESSIVE;
				GCC_WARN_UNUSED_FUNCTION = YES;
				GCC_WARN_UNUSED_VARIABLE = YES;
				IPHONEOS_DEPLOYMENT_TARGET = 18.0;
				LOCALIZATION_PREFERS_STRING_CATALOGS = YES;
				MTL_ENABLE_DEBUG_INFO = NO;
				MTL_FAST_MATH = YES;
				SDKROOT = iphoneos;
				SWIFT_COMPILATION_MODE = wholemodule;
				VALIDATE_PRODUCT = YES;
			};
			name = Release;
		};
		6522AB4E2CFF0BA200176E44 /* Debug */ = {
			isa = XCBuildConfiguration;
			buildSettings = {
				BUNDLE_LOADER = "$(TEST_HOST)";
				CODE_SIGN_STYLE = Automatic;
				CURRENT_PROJECT_VERSION = 1;
				DEVELOPMENT_TEAM = CDAJWQY5FD;
				GENERATE_INFOPLIST_FILE = YES;
				IPHONEOS_DEPLOYMENT_TARGET = 18.0;
				MARKETING_VERSION = 1.0;
				PRODUCT_BUNDLE_IDENTIFIER = com.chihyeon.SymbolRollerTests;
				PRODUCT_NAME = "$(TARGET_NAME)";
				SWIFT_EMIT_LOC_STRINGS = NO;
				SWIFT_VERSION = 5.0;
				TARGETED_DEVICE_FAMILY = "1,2";
				TEST_HOST = "$(BUILT_PRODUCTS_DIR)/SymbolRoller.app/$(BUNDLE_EXECUTABLE_FOLDER_PATH)/SymbolRoller";
			};
			name = Debug;
		};
		6522AB4F2CFF0BA200176E44 /* Release */ = {
			isa = XCBuildConfiguration;
			buildSettings = {
				BUNDLE_LOADER = "$(TEST_HOST)";
				CODE_SIGN_STYLE = Automatic;
				CURRENT_PROJECT_VERSION = 1;
				DEVELOPMENT_TEAM = CDAJWQY5FD;
				GENERATE_INFOPLIST_FILE = YES;
				IPHONEOS_DEPLOYMENT_TARGET = 18.0;
				MARKETING_VERSION = 1.0;
				PRODUCT_BUNDLE_IDENTIFIER = com.chihyeon.SymbolRollerTests;
				PRODUCT_NAME = "$(TARGET_NAME)";
				SWIFT_EMIT_LOC_STRINGS = NO;
				SWIFT_VERSION = 5.0;
				TARGETED_DEVICE_FAMILY = "1,2";
				TEST_HOST = "$(BUILT_PRODUCTS_DIR)/SymbolRoller.app/$(BUNDLE_EXECUTABLE_FOLDER_PATH)/SymbolRoller";
			};
			name = Release;
		};
		6522AB512CFF0BA200176E44 /* Debug */ = {
			isa = XCBuildConfiguration;
			buildSettings = {
				CODE_SIGN_STYLE = Automatic;
				CURRENT_PROJECT_VERSION = 1;
				DEVELOPMENT_TEAM = CDAJWQY5FD;
				GENERATE_INFOPLIST_FILE = YES;
				MARKETING_VERSION = 1.0;
				PRODUCT_BUNDLE_IDENTIFIER = com.chihyeon.SymbolRollerUITests;
				PRODUCT_NAME = "$(TARGET_NAME)";
				SWIFT_EMIT_LOC_STRINGS = NO;
				SWIFT_VERSION = 5.0;
				TARGETED_DEVICE_FAMILY = "1,2";
				TEST_TARGET_NAME = SymbolRoller;
			};
			name = Debug;
		};
		6522AB522CFF0BA200176E44 /* Release */ = {
			isa = XCBuildConfiguration;
			buildSettings = {
				CODE_SIGN_STYLE = Automatic;
				CURRENT_PROJECT_VERSION = 1;
				DEVELOPMENT_TEAM = CDAJWQY5FD;
				GENERATE_INFOPLIST_FILE = YES;
				MARKETING_VERSION = 1.0;
				PRODUCT_BUNDLE_IDENTIFIER = com.chihyeon.SymbolRollerUITests;
				PRODUCT_NAME = "$(TARGET_NAME)";
				SWIFT_EMIT_LOC_STRINGS = NO;
				SWIFT_VERSION = 5.0;
				TARGETED_DEVICE_FAMILY = "1,2";
				TEST_TARGET_NAME = SymbolRoller;
			};
			name = Release;
		};
/* End XCBuildConfiguration section */

/* Begin XCConfigurationList section */
		6522AB1A2CFF0BA000176E44 /* Build configuration list for PBXProject "SymbolRoller" */ = {
			isa = XCConfigurationList;
			buildConfigurations = (
				6522AB4B2CFF0BA200176E44 /* Debug */,
				6522AB4C2CFF0BA200176E44 /* Release */,
			);
			defaultConfigurationIsVisible = 0;
			defaultConfigurationName = Release;
		};
		6522AB482CFF0BA200176E44 /* Build configuration list for PBXNativeTarget "SymbolRoller" */ = {
			isa = XCConfigurationList;
			buildConfigurations = (
				6522AB492CFF0BA200176E44 /* Debug */,
				6522AB4A2CFF0BA200176E44 /* Release */,
			);
			defaultConfigurationIsVisible = 0;
			defaultConfigurationName = Release;
		};
		6522AB4D2CFF0BA200176E44 /* Build configuration list for PBXNativeTarget "SymbolRollerTests" */ = {
			isa = XCConfigurationList;
			buildConfigurations = (
				6522AB4E2CFF0BA200176E44 /* Debug */,
				6522AB4F2CFF0BA200176E44 /* Release */,
			);
			defaultConfigurationIsVisible = 0;
			defaultConfigurationName = Release;
		};
		6522AB502CFF0BA200176E44 /* Build configuration list for PBXNativeTarget "SymbolRollerUITests" */ = {
			isa = XCConfigurationList;
			buildConfigurations = (
				6522AB512CFF0BA200176E44 /* Debug */,
				6522AB522CFF0BA200176E44 /* Release */,
			);
			defaultConfigurationIsVisible = 0;
			defaultConfigurationName = Release;
		};
/* End XCConfigurationList section */
	};
	rootObject = 6522AB172CFF0BA000176E44 /* Project object */;
}
